# This file is automatically @generated by Wally.
# It is not intended for manual editing.
registry = "test"

[[package]]
name = "matter-ecs/matter"
version = "0.8.5"
dependencies = []

[[package]]
name = "relay-outpost/relay-outpost"
version = "0.1.0"
dependencies = [["Matter", "matter-ecs/matter@0.8.5"], ["TestEZ", "roblox/testez@0.4.1"]]

[[package]]
name = "roblox/testez"
version = "0.4.1"
dependencies = []
